
Microsoft Visual Studio Solution File, Format Version 12.00
# Visual Studio Version 17
VisualStudioVersion = 17.8.34004.107
MinimumVisualStudioVersion = 10.0.40219.1
Project("{FAE04EC0-301F-11D3-BF4B-00C04F79EFBC}") = "appPlanilla_2023", "appPlanilla_2023.csproj", "{7C415CAF-64D5-406C-80EA-67CD85718213}"
EndProject
Global
	GlobalSection(SolutionConfigurationPlatforms) = preSolution
		Debug|Any CPU = Debug|Any CPU
		Release|Any CPU = Release|Any CPU
	EndGlobalSection
	GlobalSection(ProjectConfigurationPlatforms) = postSolution
		{7C415CAF-64D5-406C-80EA-67CD85718213}.Debug|Any CPU.ActiveCfg = Debug|Any CPU
		{7C415CAF-64D5-406C-80EA-67CD85718213}.Debug|Any CPU.Build.0 = Debug|Any CPU
		{7C415CAF-64D5-406C-80EA-67CD85718213}.Release|Any CPU.ActiveCfg = Release|Any CPU
		{7C415CAF-64D5-406C-80EA-67CD85718213}.Release|Any CPU.Build.0 = Release|Any CPU
	EndGlobalSection
	GlobalSection(SolutionProperties) = preSolution
		HideSolutionNode = FALSE
	EndGlobalSection
	GlobalSection(ExtensibilityGlobals) = postSolution
		SolutionGuid = {538C4499-470E-4411-A0AB-C457F881BEDB}
	EndGlobalSection
EndGlobal
